{
  "name": "KOORI_PROJECT-master",
  "lockfileVersion": 2,
  "requires": true,
  "packages": {
    "": {
      "devDependencies": {
        "@types/chart.js": "^2.9.4"
      }
    },
    "node_modules/@types/chart.js": {
      "version": "2.9.4",
      "resolved": "https://registry.npmjs.org/@types/chart.js/-/chart.js-2.9.4.tgz",
      "integrity": "sha512-uKF7vOdTTAfrsKREKG4oojDqE/dQ5GkwdMRQGfk19aKmeC4wIF6eTWdN98PA8d+F4TPI8hy7oOTB6/JoWepEJw==",
      "dev": true
    }
  },
  "dependencies": {
    "@types/chart.js": {
      "version": "2.9.4",
      "resolved": "https://registry.npmjs.org/@types/chart.js/-/chart.js-2.9.4.tgz",
      "integrity": "sha512-uKF7vOdTTAfrsKREKG4oojDqE/dQ5GkwdMRQGfk19aKmeC4wIF6eTWdN98PA8d+F4TPI8hy7oOTB6/JoWepEJw==",
      "dev": true
    }
  }
}
